# This file is automatically @generated by Poetry 1.8.3 and should not be changed by hand.

[[package]]
name = "scyllaft"
version = "1.6.3"
description = "Async scylla driver for python - FentechFork"
optional = false
python-versions = "<4,>=3.8"
files = [
    {file = "scyllaft-1.6.3-cp38-abi3-macosx_10_12_x86_64.whl", hash = "sha256:fddc308c6afcc0d8a3d0a3583860147bdaecb38fd2945912eb268f17fce6f50b"},
    {file = "scyllaft-1.6.3-cp38-abi3-macosx_11_0_arm64.whl", hash = "sha256:269e6773636afa5882cbbf975223115452160c0fb7f432f4e309e3f955932243"},
    {file = "scyllaft-1.6.3-cp38-abi3-manylinux_2_17_aarch64.manylinux2014_aarch64.whl", hash = "sha256:f04109a506e6a132a2ef8b31cb95cf193f35fbeb325829d09fec691f335a67be"},
    {file = "scyllaft-1.6.3-cp38-abi3-manylinux_2_17_armv7l.manylinux2014_armv7l.whl", hash = "sha256:940d737e96e8f7f2aca6895a60f0cad10c0c812b83d412b5b14cc41f3440ad9b"},
    {file = "scyllaft-1.6.3-cp38-abi3-manylinux_2_17_i686.manylinux2014_i686.whl", hash = "sha256:923e6c72f7866b3d49b9476e6a27efb99850bc42461231893dfca43f56fb75df"},
    {file = "scyllaft-1.6.3-cp38-abi3-manylinux_2_17_ppc64le.manylinux2014_ppc64le.whl", hash = "sha256:8927ca78209dfe8f72d2f0b5c6cc54da4f723e83ed9bbf621a05ae2c17c04406"},
    {file = "scyllaft-1.6.3-cp38-abi3-manylinux_2_17_x86_64.manylinux2014_x86_64.whl", hash = "sha256:75f6bd6a94b6e7c0a1a8f8a7213f8dad6440976f4f91a2d494d77d01873b48d5"},
    {file = "scyllaft-1.6.3-cp38-abi3-musllinux_1_2_i686.whl", hash = "sha256:001b3eb9db60a40305d27f47ebd47f39eadd396fd18c270521eba4e701051de6"},
    {file = "scyllaft-1.6.3-cp38-abi3-musllinux_1_2_x86_64.whl", hash = "sha256:e0334b74a372d30abdfc8897aeef9a43d01177af880c6bf61115f6cc6ea79fc0"},
    {file = "scyllaft-1.6.3-cp38-abi3-win32.whl", hash = "sha256:2b9638c04aba3598aeb8a7560d87237dc19326b5cc0946f8cbfc669a17c12bb3"},
    {file = "scyllaft-1.6.3-cp38-abi3-win_amd64.whl", hash = "sha256:c8738885f90770a162e3bd3a53c4e74283becd5e96f01761c18dfe1e1d5962ba"},
    {file = "scyllaft-1.6.3.tar.gz", hash = "sha256:2a84bc4170540e6c2a2148be7993a38cac831baeef992d9a827e8e2c4669c234"},
]

[metadata]
lock-version = "2.0"
python-versions = "^3.11"
content-hash = "57e1c332c2801ce7111482f694dffd8b290c5c8b0e5997d6c64fbc1b2977915b"
